
Microsoft Visual Studio Solution File, Format Version 12.00
Project("{FAE04EC0-301F-11D3-BF4B-00C04F79EFBC}") = "LeetCode", "LeetCode\LeetCode.csproj", "{28AC453C-D7A5-4EFE-84E5-ED9ABB329DDA}"
EndProject
Project("{FAE04EC0-301F-11D3-BF4B-00C04F79EFBC}") = "Tests", "Tests\Tests.csproj", "{D5C12C6E-B3A1-4A27-B178-5208367480E4}"
EndProject
Global
	GlobalSection(SolutionConfigurationPlatforms) = preSolution
		Debug|Any CPU = Debug|Any CPU
		Release|Any CPU = Release|Any CPU
	EndGlobalSection
	GlobalSection(ProjectConfigurationPlatforms) = postSolution
		{28AC453C-D7A5-4EFE-84E5-ED9ABB329DDA}.Debug|Any CPU.ActiveCfg = Debug|Any CPU
		{28AC453C-D7A5-4EFE-84E5-ED9ABB329DDA}.Debug|Any CPU.Build.0 = Debug|Any CPU
		{28AC453C-D7A5-4EFE-84E5-ED9ABB329DDA}.Release|Any CPU.ActiveCfg = Release|Any CPU
		{28AC453C-D7A5-4EFE-84E5-ED9ABB329DDA}.Release|Any CPU.Build.0 = Release|Any CPU
		{D5C12C6E-B3A1-4A27-B178-5208367480E4}.Debug|Any CPU.ActiveCfg = Debug|Any CPU
		{D5C12C6E-B3A1-4A27-B178-5208367480E4}.Debug|Any CPU.Build.0 = Debug|Any CPU
		{D5C12C6E-B3A1-4A27-B178-5208367480E4}.Release|Any CPU.ActiveCfg = Release|Any CPU
		{D5C12C6E-B3A1-4A27-B178-5208367480E4}.Release|Any CPU.Build.0 = Release|Any CPU
	EndGlobalSection
EndGlobal
